
Microsoft Visual Studio Solution File, Format Version 12.00
# Visual Studio Version 16
VisualStudioVersion = 16.0.32901.82
MinimumVisualStudioVersion = 10.0.40219.1
Project("{8BC9CEB8-8B4A-11D0-8D11-00A0C91BC942}") = "10月10日", "10月10日\10月10日.vcxproj", "{3ACA0F3C-3684-40C3-AD70-3D894BD6741E}"
EndProject
Global
	GlobalSection(SolutionConfigurationPlatforms) = preSolution
		Debug|x64 = Debug|x64
		Debug|x86 = Debug|x86
		Release|x64 = Release|x64
		Release|x86 = Release|x86
	EndGlobalSection
	GlobalSection(ProjectConfigurationPlatforms) = postSolution
		{3ACA0F3C-3684-40C3-AD70-3D894BD6741E}.Debug|x64.ActiveCfg = Debug|x64
		{3ACA0F3C-3684-40C3-AD70-3D894BD6741E}.Debug|x64.Build.0 = Debug|x64
		{3ACA0F3C-3684-40C3-AD70-3D894BD6741E}.Debug|x86.ActiveCfg = Debug|Win32
		{3ACA0F3C-3684-40C3-AD70-3D894BD6741E}.Debug|x86.Build.0 = Debug|Win32
		{3ACA0F3C-3684-40C3-AD70-3D894BD6741E}.Release|x64.ActiveCfg = Release|x64
		{3ACA0F3C-3684-40C3-AD70-3D894BD6741E}.Release|x64.Build.0 = Release|x64
		{3ACA0F3C-3684-40C3-AD70-3D894BD6741E}.Release|x86.ActiveCfg = Release|Win32
		{3ACA0F3C-3684-40C3-AD70-3D894BD6741E}.Release|x86.Build.0 = Release|Win32
	EndGlobalSection
	GlobalSection(SolutionProperties) = preSolution
		HideSolutionNode = FALSE
	EndGlobalSection
	GlobalSection(ExtensibilityGlobals) = postSolution
		SolutionGuid = {28127201-6C9D-4FC4-9768-D2FF9F282A08}
	EndGlobalSection
EndGlobal
