
Microsoft Visual Studio Solution File, Format Version 12.00
# Visual Studio Version 16
VisualStudioVersion = 16.0.32510.428
MinimumVisualStudioVersion = 10.0.40219.1
Project("{8BC9CEB8-8B4A-11D0-8D11-00A0C91BC942}") = "8月19日", "8月19日\8月19日.vcxproj", "{D3B349B6-3ED3-474B-B48C-21F7D47FFF05}"
EndProject
Global
	GlobalSection(SolutionConfigurationPlatforms) = preSolution
		Debug|x64 = Debug|x64
		Debug|x86 = Debug|x86
		Release|x64 = Release|x64
		Release|x86 = Release|x86
	EndGlobalSection
	GlobalSection(ProjectConfigurationPlatforms) = postSolution
		{D3B349B6-3ED3-474B-B48C-21F7D47FFF05}.Debug|x64.ActiveCfg = Debug|x64
		{D3B349B6-3ED3-474B-B48C-21F7D47FFF05}.Debug|x64.Build.0 = Debug|x64
		{D3B349B6-3ED3-474B-B48C-21F7D47FFF05}.Debug|x86.ActiveCfg = Debug|Win32
		{D3B349B6-3ED3-474B-B48C-21F7D47FFF05}.Debug|x86.Build.0 = Debug|Win32
		{D3B349B6-3ED3-474B-B48C-21F7D47FFF05}.Release|x64.ActiveCfg = Release|x64
		{D3B349B6-3ED3-474B-B48C-21F7D47FFF05}.Release|x64.Build.0 = Release|x64
		{D3B349B6-3ED3-474B-B48C-21F7D47FFF05}.Release|x86.ActiveCfg = Release|Win32
		{D3B349B6-3ED3-474B-B48C-21F7D47FFF05}.Release|x86.Build.0 = Release|Win32
	EndGlobalSection
	GlobalSection(SolutionProperties) = preSolution
		HideSolutionNode = FALSE
	EndGlobalSection
	GlobalSection(ExtensibilityGlobals) = postSolution
		SolutionGuid = {FD53ECC1-574E-4376-9DFD-042CD0198748}
	EndGlobalSection
EndGlobal
